
Microsoft Visual Studio Solution File, Format Version 12.00
# Visual Studio Version 17
VisualStudioVersion = 17.6.33829.357
MinimumVisualStudioVersion = 10.0.40219.1
Project("{FAE04EC0-301F-11D3-BF4B-00C04F79EFBC}") = "NewTalents", "NewTalents\NewTalents.csproj", "{D21281BD-3853-4DCB-A829-C35A426AA88F}"
EndProject
Project("{FAE04EC0-301F-11D3-BF4B-00C04F79EFBC}") = "TesteNewTalents", "TesteNewTalents\TesteNewTalents.csproj", "{0E4FD923-A888-4036-BFF2-80950B6A814E}"
EndProject
Global
	GlobalSection(SolutionConfigurationPlatforms) = preSolution
		Debug|Any CPU = Debug|Any CPU
		Release|Any CPU = Release|Any CPU
	EndGlobalSection
	GlobalSection(ProjectConfigurationPlatforms) = postSolution
		{D21281BD-3853-4DCB-A829-C35A426AA88F}.Debug|Any CPU.ActiveCfg = Debug|Any CPU
		{D21281BD-3853-4DCB-A829-C35A426AA88F}.Debug|Any CPU.Build.0 = Debug|Any CPU
		{D21281BD-3853-4DCB-A829-C35A426AA88F}.Release|Any CPU.ActiveCfg = Release|Any CPU
		{D21281BD-3853-4DCB-A829-C35A426AA88F}.Release|Any CPU.Build.0 = Release|Any CPU
		{0E4FD923-A888-4036-BFF2-80950B6A814E}.Debug|Any CPU.ActiveCfg = Debug|Any CPU
		{0E4FD923-A888-4036-BFF2-80950B6A814E}.Debug|Any CPU.Build.0 = Debug|Any CPU
		{0E4FD923-A888-4036-BFF2-80950B6A814E}.Release|Any CPU.ActiveCfg = Release|Any CPU
		{0E4FD923-A888-4036-BFF2-80950B6A814E}.Release|Any CPU.Build.0 = Release|Any CPU
	EndGlobalSection
	GlobalSection(SolutionProperties) = preSolution
		HideSolutionNode = FALSE
	EndGlobalSection
	GlobalSection(ExtensibilityGlobals) = postSolution
		SolutionGuid = {C027FA54-B003-4728-B602-265ED9F674EE}
	EndGlobalSection
EndGlobal
